
Microsoft Visual Studio Solution File, Format Version 12.00
# Visual Studio 15
VisualStudioVersion = 15.0.26124.0
MinimumVisualStudioVersion = 15.0.26124.0
Project("{FAE04EC0-301F-11D3-BF4B-00C04F79EFBC}") = "SpectabisNext", "src\SpectabisNext\SpectabisNext.csproj", "{E1C8DC0A-EABB-4742-A2A9-93D9D9040636}"
EndProject
Project("{FAE04EC0-301F-11D3-BF4B-00C04F79EFBC}") = "SpectabisLib", "src\SpectabisLib\SpectabisLib.csproj", "{C1767F45-8156-41E5-A032-D71B172B7F01}"
EndProject
Project("{FAE04EC0-301F-11D3-BF4B-00C04F79EFBC}") = "SpectabisUI", "src\SpectabisUI\SpectabisUI.csproj", "{8BA82250-D86C-45AD-9E5C-E126EBEEE248}"
EndProject
Project("{2150E333-8FDC-42A3-9474-1A3956D46DE8}") = "src", "src", "{AA920628-1720-46EE-8034-96C24EE4162E}"
EndProject
Project("{FAE04EC0-301F-11D3-BF4B-00C04F79EFBC}") = "FileIntrinsics", "src\FileIntrinsics\FileIntrinsics.csproj", "{36ADD7A9-6E97-4A2F-93B2-1D138F0046FE}"
EndProject
Project("{FAE04EC0-301F-11D3-BF4B-00C04F79EFBC}") = "RomParsing", "src\RomParsing\RomParsing.csproj", "{9323289B-77BB-4495-9FFF-2537B0E994C1}"
EndProject
Project("{FAE04EC0-301F-11D3-BF4B-00C04F79EFBC}") = "SpectabisService", "src\SpectabisService\SpectabisService.csproj", "{0BAE8313-7F54-46A3-9EAC-3E3F19C3A36D}"
EndProject
Project("{FAE04EC0-301F-11D3-BF4B-00C04F79EFBC}") = "ServiceClient", "src\ServiceClient\ServiceClient.csproj", "{024BF2EC-4079-45DA-991F-3D4466ACEC6D}"
EndProject
Project("{2150E333-8FDC-42A3-9474-1A3956D46DE8}") = "Tests", "Tests", "{4BEF3C6A-17DE-4D60-8EF7-A69E7057FA04}"
EndProject
Project("{2150E333-8FDC-42A3-9474-1A3956D46DE8}") = "Integration", "Integration", "{99E16778-0A1B-40F8-B1B8-7C6A92901992}"
EndProject
Project("{FAE04EC0-301F-11D3-BF4B-00C04F79EFBC}") = "ServiceTests", "Tests\Integration\ServiceTests\ServiceTests.csproj", "{D31FD175-415C-4F18-952E-50FEE4DDD842}"
EndProject
Project("{2150E333-8FDC-42A3-9474-1A3956D46DE8}") = "Unit", "Unit", "{C84126C1-2B43-46B5-88B7-31AC8388D494}"
EndProject
Project("{FAE04EC0-301F-11D3-BF4B-00C04F79EFBC}") = "SpectabisLibTests", "Tests\Unit\SpectabisLibTests\SpectabisLibTests.csproj", "{AFF71517-5632-46BC-85B7-F626285B1016}"
EndProject
Global
	GlobalSection(SolutionConfigurationPlatforms) = preSolution
		Debug|Any CPU = Debug|Any CPU
		Debug|x64 = Debug|x64
		Debug|x86 = Debug|x86
		Release|Any CPU = Release|Any CPU
		Release|x64 = Release|x64
		Release|x86 = Release|x86
	EndGlobalSection
	GlobalSection(SolutionProperties) = preSolution
		HideSolutionNode = FALSE
	EndGlobalSection
	GlobalSection(ProjectConfigurationPlatforms) = postSolution
		{E1C8DC0A-EABB-4742-A2A9-93D9D9040636}.Debug|Any CPU.ActiveCfg = Debug|Any CPU
		{E1C8DC0A-EABB-4742-A2A9-93D9D9040636}.Debug|Any CPU.Build.0 = Debug|Any CPU
		{E1C8DC0A-EABB-4742-A2A9-93D9D9040636}.Debug|x64.ActiveCfg = Debug|Any CPU
		{E1C8DC0A-EABB-4742-A2A9-93D9D9040636}.Debug|x64.Build.0 = Debug|Any CPU
		{E1C8DC0A-EABB-4742-A2A9-93D9D9040636}.Debug|x86.ActiveCfg = Debug|Any CPU
		{E1C8DC0A-EABB-4742-A2A9-93D9D9040636}.Debug|x86.Build.0 = Debug|Any CPU
		{E1C8DC0A-EABB-4742-A2A9-93D9D9040636}.Release|Any CPU.ActiveCfg = Release|Any CPU
		{E1C8DC0A-EABB-4742-A2A9-93D9D9040636}.Release|Any CPU.Build.0 = Release|Any CPU
		{E1C8DC0A-EABB-4742-A2A9-93D9D9040636}.Release|x64.ActiveCfg = Release|Any CPU
		{E1C8DC0A-EABB-4742-A2A9-93D9D9040636}.Release|x64.Build.0 = Release|Any CPU
		{E1C8DC0A-EABB-4742-A2A9-93D9D9040636}.Release|x86.ActiveCfg = Release|Any CPU
		{E1C8DC0A-EABB-4742-A2A9-93D9D9040636}.Release|x86.Build.0 = Release|Any CPU
		{C1767F45-8156-41E5-A032-D71B172B7F01}.Debug|Any CPU.ActiveCfg = Debug|Any CPU
		{C1767F45-8156-41E5-A032-D71B172B7F01}.Debug|Any CPU.Build.0 = Debug|Any CPU
		{C1767F45-8156-41E5-A032-D71B172B7F01}.Debug|x64.ActiveCfg = Debug|Any CPU
		{C1767F45-8156-41E5-A032-D71B172B7F01}.Debug|x64.Build.0 = Debug|Any CPU
		{C1767F45-8156-41E5-A032-D71B172B7F01}.Debug|x86.ActiveCfg = Debug|Any CPU
		{C1767F45-8156-41E5-A032-D71B172B7F01}.Debug|x86.Build.0 = Debug|Any CPU
		{C1767F45-8156-41E5-A032-D71B172B7F01}.Release|Any CPU.ActiveCfg = Release|Any CPU
		{C1767F45-8156-41E5-A032-D71B172B7F01}.Release|Any CPU.Build.0 = Release|Any CPU
		{C1767F45-8156-41E5-A032-D71B172B7F01}.Release|x64.ActiveCfg = Release|Any CPU
		{C1767F45-8156-41E5-A032-D71B172B7F01}.Release|x64.Build.0 = Release|Any CPU
		{C1767F45-8156-41E5-A032-D71B172B7F01}.Release|x86.ActiveCfg = Release|Any CPU
		{C1767F45-8156-41E5-A032-D71B172B7F01}.Release|x86.Build.0 = Release|Any CPU
		{8BA82250-D86C-45AD-9E5C-E126EBEEE248}.Debug|Any CPU.ActiveCfg = Debug|Any CPU
		{8BA82250-D86C-45AD-9E5C-E126EBEEE248}.Debug|Any CPU.Build.0 = Debug|Any CPU
		{8BA82250-D86C-45AD-9E5C-E126EBEEE248}.Debug|x64.ActiveCfg = Debug|Any CPU
		{8BA82250-D86C-45AD-9E5C-E126EBEEE248}.Debug|x64.Build.0 = Debug|Any CPU
		{8BA82250-D86C-45AD-9E5C-E126EBEEE248}.Debug|x86.ActiveCfg = Debug|Any CPU
		{8BA82250-D86C-45AD-9E5C-E126EBEEE248}.Debug|x86.Build.0 = Debug|Any CPU
		{8BA82250-D86C-45AD-9E5C-E126EBEEE248}.Release|Any CPU.ActiveCfg = Release|Any CPU
		{8BA82250-D86C-45AD-9E5C-E126EBEEE248}.Release|Any CPU.Build.0 = Release|Any CPU
		{8BA82250-D86C-45AD-9E5C-E126EBEEE248}.Release|x64.ActiveCfg = Release|Any CPU
		{8BA82250-D86C-45AD-9E5C-E126EBEEE248}.Release|x64.Build.0 = Release|Any CPU
		{8BA82250-D86C-45AD-9E5C-E126EBEEE248}.Release|x86.ActiveCfg = Release|Any CPU
		{8BA82250-D86C-45AD-9E5C-E126EBEEE248}.Release|x86.Build.0 = Release|Any CPU
		{36ADD7A9-6E97-4A2F-93B2-1D138F0046FE}.Debug|Any CPU.ActiveCfg = Debug|Any CPU
		{36ADD7A9-6E97-4A2F-93B2-1D138F0046FE}.Debug|Any CPU.Build.0 = Debug|Any CPU
		{36ADD7A9-6E97-4A2F-93B2-1D138F0046FE}.Debug|x64.ActiveCfg = Debug|Any CPU
		{36ADD7A9-6E97-4A2F-93B2-1D138F0046FE}.Debug|x64.Build.0 = Debug|Any CPU
		{36ADD7A9-6E97-4A2F-93B2-1D138F0046FE}.Debug|x86.ActiveCfg = Debug|Any CPU
		{36ADD7A9-6E97-4A2F-93B2-1D138F0046FE}.Debug|x86.Build.0 = Debug|Any CPU
		{36ADD7A9-6E97-4A2F-93B2-1D138F0046FE}.Release|Any CPU.ActiveCfg = Release|Any CPU
		{36ADD7A9-6E97-4A2F-93B2-1D138F0046FE}.Release|Any CPU.Build.0 = Release|Any CPU
		{36ADD7A9-6E97-4A2F-93B2-1D138F0046FE}.Release|x64.ActiveCfg = Release|Any CPU
		{36ADD7A9-6E97-4A2F-93B2-1D138F0046FE}.Release|x64.Build.0 = Release|Any CPU
		{36ADD7A9-6E97-4A2F-93B2-1D138F0046FE}.Release|x86.ActiveCfg = Release|Any CPU
		{36ADD7A9-6E97-4A2F-93B2-1D138F0046FE}.Release|x86.Build.0 = Release|Any CPU
		{9323289B-77BB-4495-9FFF-2537B0E994C1}.Debug|Any CPU.ActiveCfg = Debug|Any CPU
		{9323289B-77BB-4495-9FFF-2537B0E994C1}.Debug|Any CPU.Build.0 = Debug|Any CPU
		{9323289B-77BB-4495-9FFF-2537B0E994C1}.Debug|x64.ActiveCfg = Debug|Any CPU
		{9323289B-77BB-4495-9FFF-2537B0E994C1}.Debug|x64.Build.0 = Debug|Any CPU
		{9323289B-77BB-4495-9FFF-2537B0E994C1}.Debug|x86.ActiveCfg = Debug|Any CPU
		{9323289B-77BB-4495-9FFF-2537B0E994C1}.Debug|x86.Build.0 = Debug|Any CPU
		{9323289B-77BB-4495-9FFF-2537B0E994C1}.Release|Any CPU.ActiveCfg = Release|Any CPU
		{9323289B-77BB-4495-9FFF-2537B0E994C1}.Release|Any CPU.Build.0 = Release|Any CPU
		{9323289B-77BB-4495-9FFF-2537B0E994C1}.Release|x64.ActiveCfg = Release|Any CPU
		{9323289B-77BB-4495-9FFF-2537B0E994C1}.Release|x64.Build.0 = Release|Any CPU
		{9323289B-77BB-4495-9FFF-2537B0E994C1}.Release|x86.ActiveCfg = Release|Any CPU
		{9323289B-77BB-4495-9FFF-2537B0E994C1}.Release|x86.Build.0 = Release|Any CPU
		{0BAE8313-7F54-46A3-9EAC-3E3F19C3A36D}.Debug|Any CPU.ActiveCfg = Debug|Any CPU
		{0BAE8313-7F54-46A3-9EAC-3E3F19C3A36D}.Debug|Any CPU.Build.0 = Debug|Any CPU
		{0BAE8313-7F54-46A3-9EAC-3E3F19C3A36D}.Debug|x64.ActiveCfg = Debug|Any CPU
		{0BAE8313-7F54-46A3-9EAC-3E3F19C3A36D}.Debug|x64.Build.0 = Debug|Any CPU
		{0BAE8313-7F54-46A3-9EAC-3E3F19C3A36D}.Debug|x86.ActiveCfg = Debug|Any CPU
		{0BAE8313-7F54-46A3-9EAC-3E3F19C3A36D}.Debug|x86.Build.0 = Debug|Any CPU
		{0BAE8313-7F54-46A3-9EAC-3E3F19C3A36D}.Release|Any CPU.ActiveCfg = Release|Any CPU
		{0BAE8313-7F54-46A3-9EAC-3E3F19C3A36D}.Release|Any CPU.Build.0 = Release|Any CPU
		{0BAE8313-7F54-46A3-9EAC-3E3F19C3A36D}.Release|x64.ActiveCfg = Release|Any CPU
		{0BAE8313-7F54-46A3-9EAC-3E3F19C3A36D}.Release|x64.Build.0 = Release|Any CPU
		{0BAE8313-7F54-46A3-9EAC-3E3F19C3A36D}.Release|x86.ActiveCfg = Release|Any CPU
		{0BAE8313-7F54-46A3-9EAC-3E3F19C3A36D}.Release|x86.Build.0 = Release|Any CPU
		{024BF2EC-4079-45DA-991F-3D4466ACEC6D}.Debug|Any CPU.ActiveCfg = Debug|Any CPU
		{024BF2EC-4079-45DA-991F-3D4466ACEC6D}.Debug|Any CPU.Build.0 = Debug|Any CPU
		{024BF2EC-4079-45DA-991F-3D4466ACEC6D}.Debug|x64.ActiveCfg = Debug|Any CPU
		{024BF2EC-4079-45DA-991F-3D4466ACEC6D}.Debug|x64.Build.0 = Debug|Any CPU
		{024BF2EC-4079-45DA-991F-3D4466ACEC6D}.Debug|x86.ActiveCfg = Debug|Any CPU
		{024BF2EC-4079-45DA-991F-3D4466ACEC6D}.Debug|x86.Build.0 = Debug|Any CPU
		{024BF2EC-4079-45DA-991F-3D4466ACEC6D}.Release|Any CPU.ActiveCfg = Release|Any CPU
		{024BF2EC-4079-45DA-991F-3D4466ACEC6D}.Release|Any CPU.Build.0 = Release|Any CPU
		{024BF2EC-4079-45DA-991F-3D4466ACEC6D}.Release|x64.ActiveCfg = Release|Any CPU
		{024BF2EC-4079-45DA-991F-3D4466ACEC6D}.Release|x64.Build.0 = Release|Any CPU
		{024BF2EC-4079-45DA-991F-3D4466ACEC6D}.Release|x86.ActiveCfg = Release|Any CPU
		{024BF2EC-4079-45DA-991F-3D4466ACEC6D}.Release|x86.Build.0 = Release|Any CPU
		{D31FD175-415C-4F18-952E-50FEE4DDD842}.Debug|Any CPU.ActiveCfg = Debug|Any CPU
		{D31FD175-415C-4F18-952E-50FEE4DDD842}.Debug|Any CPU.Build.0 = Debug|Any CPU
		{D31FD175-415C-4F18-952E-50FEE4DDD842}.Debug|x64.ActiveCfg = Debug|Any CPU
		{D31FD175-415C-4F18-952E-50FEE4DDD842}.Debug|x64.Build.0 = Debug|Any CPU
		{D31FD175-415C-4F18-952E-50FEE4DDD842}.Debug|x86.ActiveCfg = Debug|Any CPU
		{D31FD175-415C-4F18-952E-50FEE4DDD842}.Debug|x86.Build.0 = Debug|Any CPU
		{D31FD175-415C-4F18-952E-50FEE4DDD842}.Release|Any CPU.ActiveCfg = Release|Any CPU
		{D31FD175-415C-4F18-952E-50FEE4DDD842}.Release|Any CPU.Build.0 = Release|Any CPU
		{D31FD175-415C-4F18-952E-50FEE4DDD842}.Release|x64.ActiveCfg = Release|Any CPU
		{D31FD175-415C-4F18-952E-50FEE4DDD842}.Release|x64.Build.0 = Release|Any CPU
		{D31FD175-415C-4F18-952E-50FEE4DDD842}.Release|x86.ActiveCfg = Release|Any CPU
		{D31FD175-415C-4F18-952E-50FEE4DDD842}.Release|x86.Build.0 = Release|Any CPU
		{AFF71517-5632-46BC-85B7-F626285B1016}.Debug|Any CPU.ActiveCfg = Debug|Any CPU
		{AFF71517-5632-46BC-85B7-F626285B1016}.Debug|Any CPU.Build.0 = Debug|Any CPU
		{AFF71517-5632-46BC-85B7-F626285B1016}.Debug|x64.ActiveCfg = Debug|Any CPU
		{AFF71517-5632-46BC-85B7-F626285B1016}.Debug|x64.Build.0 = Debug|Any CPU
		{AFF71517-5632-46BC-85B7-F626285B1016}.Debug|x86.ActiveCfg = Debug|Any CPU
		{AFF71517-5632-46BC-85B7-F626285B1016}.Debug|x86.Build.0 = Debug|Any CPU
		{AFF71517-5632-46BC-85B7-F626285B1016}.Release|Any CPU.ActiveCfg = Release|Any CPU
		{AFF71517-5632-46BC-85B7-F626285B1016}.Release|Any CPU.Build.0 = Release|Any CPU
		{AFF71517-5632-46BC-85B7-F626285B1016}.Release|x64.ActiveCfg = Release|Any CPU
		{AFF71517-5632-46BC-85B7-F626285B1016}.Release|x64.Build.0 = Release|Any CPU
		{AFF71517-5632-46BC-85B7-F626285B1016}.Release|x86.ActiveCfg = Release|Any CPU
		{AFF71517-5632-46BC-85B7-F626285B1016}.Release|x86.Build.0 = Release|Any CPU
	EndGlobalSection
	GlobalSection(NestedProjects) = preSolution
		{36ADD7A9-6E97-4A2F-93B2-1D138F0046FE} = {AA920628-1720-46EE-8034-96C24EE4162E}
		{9323289B-77BB-4495-9FFF-2537B0E994C1} = {AA920628-1720-46EE-8034-96C24EE4162E}
		{0BAE8313-7F54-46A3-9EAC-3E3F19C3A36D} = {AA920628-1720-46EE-8034-96C24EE4162E}
		{024BF2EC-4079-45DA-991F-3D4466ACEC6D} = {AA920628-1720-46EE-8034-96C24EE4162E}
		{99E16778-0A1B-40F8-B1B8-7C6A92901992} = {4BEF3C6A-17DE-4D60-8EF7-A69E7057FA04}
		{D31FD175-415C-4F18-952E-50FEE4DDD842} = {99E16778-0A1B-40F8-B1B8-7C6A92901992}
		{C84126C1-2B43-46B5-88B7-31AC8388D494} = {4BEF3C6A-17DE-4D60-8EF7-A69E7057FA04}
		{AFF71517-5632-46BC-85B7-F626285B1016} = {C84126C1-2B43-46B5-88B7-31AC8388D494}
	EndGlobalSection
EndGlobal
