
Microsoft Visual Studio Solution File, Format Version 12.00
# Visual Studio 15
VisualStudioVersion = 15.0.26124.0
MinimumVisualStudioVersion = 15.0.26124.0
Project("{FAE04EC0-301F-11D3-BF4B-00C04F79EFBC}") = "SpectabisNext", "src\SpectabisNext\SpectabisNext.csproj", "{E1C8DC0A-EABB-4742-A2A9-93D9D9040636}"
EndProject
Project("{FAE04EC0-301F-11D3-BF4B-00C04F79EFBC}") = "SpectabisLib", "src\SpectabisLib\SpectabisLib.csproj", "{C1767F45-8156-41E5-A032-D71B172B7F01}"
EndProject
Project("{FAE04EC0-301F-11D3-BF4B-00C04F79EFBC}") = "SpectabisUI", "src\SpectabisUI\SpectabisUI.csproj", "{8BA82250-D86C-45AD-9E5C-E126EBEEE248}"
EndProject
Global
	GlobalSection(SolutionConfigurationPlatforms) = preSolution
		Debug|Any CPU = Debug|Any CPU
		Debug|x64 = Debug|x64
		Debug|x86 = Debug|x86
		Release|Any CPU = Release|Any CPU
		Release|x64 = Release|x64
		Release|x86 = Release|x86
	EndGlobalSection
	GlobalSection(SolutionProperties) = preSolution
		HideSolutionNode = FALSE
	EndGlobalSection
	GlobalSection(ProjectConfigurationPlatforms) = postSolution
		{E1C8DC0A-EABB-4742-A2A9-93D9D9040636}.Debug|Any CPU.ActiveCfg = Debug|Any CPU
		{E1C8DC0A-EABB-4742-A2A9-93D9D9040636}.Debug|Any CPU.Build.0 = Debug|Any CPU
		{E1C8DC0A-EABB-4742-A2A9-93D9D9040636}.Debug|x64.ActiveCfg = Debug|Any CPU
		{E1C8DC0A-EABB-4742-A2A9-93D9D9040636}.Debug|x64.Build.0 = Debug|Any CPU
		{E1C8DC0A-EABB-4742-A2A9-93D9D9040636}.Debug|x86.ActiveCfg = Debug|Any CPU
		{E1C8DC0A-EABB-4742-A2A9-93D9D9040636}.Debug|x86.Build.0 = Debug|Any CPU
		{E1C8DC0A-EABB-4742-A2A9-93D9D9040636}.Release|Any CPU.ActiveCfg = Release|Any CPU
		{E1C8DC0A-EABB-4742-A2A9-93D9D9040636}.Release|Any CPU.Build.0 = Release|Any CPU
		{E1C8DC0A-EABB-4742-A2A9-93D9D9040636}.Release|x64.ActiveCfg = Release|Any CPU
		{E1C8DC0A-EABB-4742-A2A9-93D9D9040636}.Release|x64.Build.0 = Release|Any CPU
		{E1C8DC0A-EABB-4742-A2A9-93D9D9040636}.Release|x86.ActiveCfg = Release|Any CPU
		{E1C8DC0A-EABB-4742-A2A9-93D9D9040636}.Release|x86.Build.0 = Release|Any CPU
		{C1767F45-8156-41E5-A032-D71B172B7F01}.Debug|Any CPU.ActiveCfg = Debug|Any CPU
		{C1767F45-8156-41E5-A032-D71B172B7F01}.Debug|Any CPU.Build.0 = Debug|Any CPU
		{C1767F45-8156-41E5-A032-D71B172B7F01}.Debug|x64.ActiveCfg = Debug|Any CPU
		{C1767F45-8156-41E5-A032-D71B172B7F01}.Debug|x64.Build.0 = Debug|Any CPU
		{C1767F45-8156-41E5-A032-D71B172B7F01}.Debug|x86.ActiveCfg = Debug|Any CPU
		{C1767F45-8156-41E5-A032-D71B172B7F01}.Debug|x86.Build.0 = Debug|Any CPU
		{C1767F45-8156-41E5-A032-D71B172B7F01}.Release|Any CPU.ActiveCfg = Release|Any CPU
		{C1767F45-8156-41E5-A032-D71B172B7F01}.Release|Any CPU.Build.0 = Release|Any CPU
		{C1767F45-8156-41E5-A032-D71B172B7F01}.Release|x64.ActiveCfg = Release|Any CPU
		{C1767F45-8156-41E5-A032-D71B172B7F01}.Release|x64.Build.0 = Release|Any CPU
		{C1767F45-8156-41E5-A032-D71B172B7F01}.Release|x86.ActiveCfg = Release|Any CPU
		{C1767F45-8156-41E5-A032-D71B172B7F01}.Release|x86.Build.0 = Release|Any CPU
		{8BA82250-D86C-45AD-9E5C-E126EBEEE248}.Debug|Any CPU.ActiveCfg = Debug|Any CPU
		{8BA82250-D86C-45AD-9E5C-E126EBEEE248}.Debug|Any CPU.Build.0 = Debug|Any CPU
		{8BA82250-D86C-45AD-9E5C-E126EBEEE248}.Debug|x64.ActiveCfg = Debug|Any CPU
		{8BA82250-D86C-45AD-9E5C-E126EBEEE248}.Debug|x64.Build.0 = Debug|Any CPU
		{8BA82250-D86C-45AD-9E5C-E126EBEEE248}.Debug|x86.ActiveCfg = Debug|Any CPU
		{8BA82250-D86C-45AD-9E5C-E126EBEEE248}.Debug|x86.Build.0 = Debug|Any CPU
		{8BA82250-D86C-45AD-9E5C-E126EBEEE248}.Release|Any CPU.ActiveCfg = Release|Any CPU
		{8BA82250-D86C-45AD-9E5C-E126EBEEE248}.Release|Any CPU.Build.0 = Release|Any CPU
		{8BA82250-D86C-45AD-9E5C-E126EBEEE248}.Release|x64.ActiveCfg = Release|Any CPU
		{8BA82250-D86C-45AD-9E5C-E126EBEEE248}.Release|x64.Build.0 = Release|Any CPU
		{8BA82250-D86C-45AD-9E5C-E126EBEEE248}.Release|x86.ActiveCfg = Release|Any CPU
		{8BA82250-D86C-45AD-9E5C-E126EBEEE248}.Release|x86.Build.0 = Release|Any CPU
	EndGlobalSection
EndGlobal
